Microsoft Visual Studio Solution File, Format Version 12.00
# Visual Studio Version 17
VisualStudioVersion = 17.0.31611.283
MinimumVisualStudioVersion = 10.0.40219.1
Project("{9A19103F-16F7-4668-BE54-9A1E7A4F7556}") = "MauiAppBlazorTest", "MauiAppBlazorTest\MauiAppBlazorTest.csproj", "{14560777-269C-4244-AF25-D11C6BF44FB8}"
	ProjectSection(ProjectDependencies) = postProject
	EndProjectSection
EndProject
Project("{FAE04EC0-301F-11D3-BF4B-00C04F79EFBC}") = "RaspiApi", "..\RaspiApi\RaspiApi\RaspiApi.csproj", "{3A27DA47-0B82-44DF-ACCC-87EF759DA6EB}"
EndProject
Project("{FAE04EC0-301F-11D3-BF4B-00C04F79EFBC}") = "PeriodicSystem.Core", "PeriodicSystem.Core\PeriodicSystem.Core.csproj", "{80570898-A53D-46F6-AE87-F93921B01915}"
EndProject
Global
	GlobalSection(SolutionConfigurationPlatforms) = preSolution
		Debug|Any CPU = Debug|Any CPU
		Release|Any CPU = Release|Any CPU
	EndGlobalSection
	GlobalSection(ProjectConfigurationPlatforms) = postSolution
		{14560777-269C-4244-AF25-D11C6BF44FB8}.Debug|Any CPU.ActiveCfg = Debug|Any CPU
		{14560777-269C-4244-AF25-D11C6BF44FB8}.Debug|Any CPU.Build.0 = Debug|Any CPU
		{14560777-269C-4244-AF25-D11C6BF44FB8}.Debug|Any CPU.Deploy.0 = Debug|Any CPU
		{14560777-269C-4244-AF25-D11C6BF44FB8}.Release|Any CPU.ActiveCfg = Release|Any CPU
		{14560777-269C-4244-AF25-D11C6BF44FB8}.Release|Any CPU.Build.0 = Release|Any CPU
		{14560777-269C-4244-AF25-D11C6BF44FB8}.Release|Any CPU.Deploy.0 = Release|Any CPU
		{3A27DA47-0B82-44DF-ACCC-87EF759DA6EB}.Debug|Any CPU.ActiveCfg = Debug|Any CPU
		{3A27DA47-0B82-44DF-ACCC-87EF759DA6EB}.Debug|Any CPU.Build.0 = Debug|Any CPU
		{3A27DA47-0B82-44DF-ACCC-87EF759DA6EB}.Release|Any CPU.ActiveCfg = Release|Any CPU
		{3A27DA47-0B82-44DF-ACCC-87EF759DA6EB}.Release|Any CPU.Build.0 = Release|Any CPU
		{80570898-A53D-46F6-AE87-F93921B01915}.Debug|Any CPU.ActiveCfg = Debug|Any CPU
		{80570898-A53D-46F6-AE87-F93921B01915}.Debug|Any CPU.Build.0 = Debug|Any CPU
		{80570898-A53D-46F6-AE87-F93921B01915}.Release|Any CPU.ActiveCfg = Release|Any CPU
		{80570898-A53D-46F6-AE87-F93921B01915}.Release|Any CPU.Build.0 = Release|Any CPU
	EndGlobalSection
	GlobalSection(SolutionProperties) = preSolution
		HideSolutionNode = FALSE
	EndGlobalSection
	GlobalSection(ExtensibilityGlobals) = postSolution
		SolutionGuid = {C123CEF2-6F8E-4BC4-91D6-63C78D4608AB}
	EndGlobalSection
EndGlobal
